
Microsoft Visual Studio Solution File, Format Version 12.00
# Visual Studio Version 16
VisualStudioVersion = 16.0.28407.52
MinimumVisualStudioVersion = 10.0.40219.1
Project("{FAE04EC0-301F-11D3-BF4B-00C04F79EFBC}") = "LamarDecorator", "LamarDecorator\LamarDecorator.csproj", "{9CD8AF68-671F-4880-BE3F-739CD0550D7B}"
EndProject
Global
	GlobalSection(SolutionConfigurationPlatforms) = preSolution
		Debug|Any CPU = Debug|Any CPU
		Release|Any CPU = Release|Any CPU
	EndGlobalSection
	GlobalSection(ProjectConfigurationPlatforms) = postSolution
		{9CD8AF68-671F-4880-BE3F-739CD0550D7B}.Debug|Any CPU.ActiveCfg = Debug|Any CPU
		{9CD8AF68-671F-4880-BE3F-739CD0550D7B}.Debug|Any CPU.Build.0 = Debug|Any CPU
		{9CD8AF68-671F-4880-BE3F-739CD0550D7B}.Release|Any CPU.ActiveCfg = Release|Any CPU
		{9CD8AF68-671F-4880-BE3F-739CD0550D7B}.Release|Any CPU.Build.0 = Release|Any CPU
	EndGlobalSection
	GlobalSection(SolutionProperties) = preSolution
		HideSolutionNode = FALSE
	EndGlobalSection
	GlobalSection(ExtensibilityGlobals) = postSolution
		SolutionGuid = {EABCB0D7-2B6C-4935-B676-41C7CEAA1F31}
	EndGlobalSection
EndGlobal
